
Microsoft Visual Studio Solution File, Format Version 12.00
# Visual Studio Version 17
VisualStudioVersion = 17.8.34330.188
MinimumVisualStudioVersion = 10.0.40219.1
Project("{FAE04EC0-301F-11D3-BF4B-00C04F79EFBC}") = "DragonWeb.API", "api\DragonWeb.API\DragonWeb.API.csproj", "{DE35E3BE-99C6-4CC7-AD20-40A55105CC28}"
EndProject
Global
	GlobalSection(SolutionConfigurationPlatforms) = preSolution
		Debug|Any CPU = Debug|Any CPU
		Release|Any CPU = Release|Any CPU
	EndGlobalSection
	GlobalSection(ProjectConfigurationPlatforms) = postSolution
		{DE35E3BE-99C6-4CC7-AD20-40A55105CC28}.Debug|Any CPU.ActiveCfg = Debug|Any CPU
		{DE35E3BE-99C6-4CC7-AD20-40A55105CC28}.Debug|Any CPU.Build.0 = Debug|Any CPU
		{DE35E3BE-99C6-4CC7-AD20-40A55105CC28}.Release|Any CPU.ActiveCfg = Release|Any CPU
		{DE35E3BE-99C6-4CC7-AD20-40A55105CC28}.Release|Any CPU.Build.0 = Release|Any CPU
	EndGlobalSection
	GlobalSection(SolutionProperties) = preSolution
		HideSolutionNode = FALSE
	EndGlobalSection
	GlobalSection(ExtensibilityGlobals) = postSolution
		SolutionGuid = {2B3F1E84-8219-4B7F-9188-7BCA581EBB95}
	EndGlobalSection
EndGlobal
